
Microsoft Visual Studio Solution File, Format Version 12.00
# Visual Studio Version 16
VisualStudioVersion = 16.0.33529.622
MinimumVisualStudioVersion = 10.0.40219.1
Project("{FAE04EC0-301F-11D3-BF4B-00C04F79EFBC}") = "KnowledgeTest", "KnowledgeTest\KnowledgeTest.csproj", "{9BC560E4-F515-4035-9710-6BD41BFA9BBA}"
EndProject
Global
	GlobalSection(SolutionConfigurationPlatforms) = preSolution
		Debug|Any CPU = Debug|Any CPU
		Release|Any CPU = Release|Any CPU
	EndGlobalSection
	GlobalSection(ProjectConfigurationPlatforms) = postSolution
		{9BC560E4-F515-4035-9710-6BD41BFA9BBA}.Debug|Any CPU.ActiveCfg = Debug|Any CPU
		{9BC560E4-F515-4035-9710-6BD41BFA9BBA}.Debug|Any CPU.Build.0 = Debug|Any CPU
		{9BC560E4-F515-4035-9710-6BD41BFA9BBA}.Release|Any CPU.ActiveCfg = Release|Any CPU
		{9BC560E4-F515-4035-9710-6BD41BFA9BBA}.Release|Any CPU.Build.0 = Release|Any CPU
	EndGlobalSection
	GlobalSection(SolutionProperties) = preSolution
		HideSolutionNode = FALSE
	EndGlobalSection
	GlobalSection(ExtensibilityGlobals) = postSolution
		SolutionGuid = {C22478F0-78C5-4EBC-BF46-746FAF5678F0}
	EndGlobalSection
EndGlobal
